
// !$*UTF8*$!
{
	archiveVersion = 1;
	classes = {
	};
	objectVersion = 46;
	objects = {

/* Begin PBXBuildFile section */
		000919871F973CD100E5D3C5 /* UIImage+AutoTrack.h in Sources */ = {isa = PBXBuildFile; fileRef = 002BF66F1F0A875100824F76 /* UIImage+AutoTrack.h */; };
		000919881F973CD100E5D3C5 /* UIImage+AutoTrack.m in Sources */ = {isa = PBXBuildFile; fileRef = 002BF6701F0A875100824F76 /* UIImage+AutoTrack.m */; };
		0009198B1F974CE100E5D3C5 /* UIViewController+AutoTrack.h in Headers */ = {isa = PBXBuildFile; fileRef = 000919891F974CE100E5D3C5 /* UIViewController+AutoTrack.h */; };
		0009198C1F974CE100E5D3C5 /* UIViewController+AutoTrack.m in Sources */ = {isa = PBXBuildFile; fileRef = 0009198A1F974CE100E5D3C5 /* UIViewController+AutoTrack.m */; };
		0009198D1F974D1C00E5D3C5 /* UIViewController+AutoTrack.h in Sources */ = {isa = PBXBuildFile; fileRef = 000919891F974CE100E5D3C5 /* UIViewController+AutoTrack.h */; };
		0009198E1F974D1C00E5D3C5 /* UIViewController+AutoTrack.m in Sources */ = {isa = PBXBuildFile; fileRef = 0009198A1F974CE100E5D3C5 /* UIViewController+AutoTrack.m */; };
		0025E0481F09D79A001248F4 /* AutoTrackUtils.h in Sources */ = {isa = PBXBuildFile; fileRef = 0025D99B1F04C03D001248F4 /* AutoTrackUtils.h */; };
		0025E0491F09D79A001248F4 /* AutoTrackUtils.m in Sources */ = {isa = PBXBuildFile; fileRef = 0025D99C1F04C03D001248F4 /* AutoTrackUtils.m */; };
		002BF6711F0A875100824F76 /* UIImage+AutoTrack.h in Headers */ = {isa = PBXBuildFile; fileRef = 002BF66F1F0A875100824F76 /* UIImage+AutoTrack.h */; };
		002BF6721F0A875100824F76 /* UIImage+AutoTrack.m in Sources */ = {isa = PBXBuildFile; fileRef = 002BF6701F0A875100824F76 /* UIImage+AutoTrack.m */; };
		002DB94D1EB1647F00A9632C /* SASwizzle.h in Headers */ = {isa = PBXBuildFile; fileRef = 002DB9491EB1647F00A9632C /* SASwizzle.h */; };
		002DB94E1EB1647F00A9632C /* SASwizzle.m in Sources */ = {isa = PBXBuildFile; fileRef = 002DB94A1EB1647F00A9632C /* SASwizzle.m */; };
		002DB94F1EB1647F00A9632C /* UIApplication+AutoTrack.h in Headers */ = {isa = PBXBuildFile; fileRef = 002DB94B1EB1647F00A9632C /* UIApplication+AutoTrack.h */; };
		002DB9501EB1647F00A9632C /* UIApplication+AutoTrack.m in Sources */ = {isa = PBXBuildFile; fileRef = 002DB94C1EB1647F00A9632C /* UIApplication+AutoTrack.m */; };
		002DB9511EB1648800A9632C /* SASwizzle.h in Sources */ = {isa = PBXBuildFile; fileRef = 002DB9491EB1647F00A9632C /* SASwizzle.h */; };
		002DB9521EB1648800A9632C /* SASwizzle.m in Sources */ = {isa = PBXBuildFile; fileRef = 002DB94A1EB1647F00A9632C /* SASwizzle.m */; };
		002DB9531EB1648800A9632C /* UIApplication+AutoTrack.h in Sources */ = {isa = PBXBuildFile; fileRef = 002DB94B1EB1647F00A9632C /* UIApplication+AutoTrack.h */; };
		002DB9541EB1648800A9632C /* UIApplication+AutoTrack.m in Sources */ = {isa = PBXBuildFile; fileRef = 002DB94C1EB1647F00A9632C /* UIApplication+AutoTrack.m */; };
		002DB9571EB1681900A9632C /* AutoTrackViewController.m in Sources */ = {isa = PBXBuildFile; fileRef = 002DB9561EB1681900A9632C /* AutoTrackViewController.m */; };
		0038C5D71FCFA2F300C1BBC1 /* SensorsAnalyticsExceptionHandler.h in Headers */ = {isa = PBXBuildFile; fileRef = 0038C5D51FCFA2F300C1BBC1 /* SensorsAnalyticsExceptionHandler.h */; };
		0038C5D81FCFA2F300C1BBC1 /* SensorsAnalyticsExceptionHandler.m in Sources */ = {isa = PBXBuildFile; fileRef = 0038C5D61FCFA2F300C1BBC1 /* SensorsAnalyticsExceptionHandler.m */; };
		0038C5D91FCFA32D00C1BBC1 /* SensorsAnalyticsExceptionHandler.h in Sources */ = {isa = PBXBuildFile; fileRef = 0038C5D51FCFA2F300C1BBC1 /* SensorsAnalyticsExceptionHandler.h */; };
		0038C5DA1FCFA32D00C1BBC1 /* SensorsAnalyticsExceptionHandler.m in Sources */ = {isa = PBXBuildFile; fileRef = 0038C5D61FCFA2F300C1BBC1 /* SensorsAnalyticsExceptionHandler.m */; };
		005EB7E71F9723F700C14AF1 /* AutoTrackUtils.m in Sources */ = {isa = PBXBuildFile; fileRef = 0025D99C1F04C03D001248F4 /* AutoTrackUtils.m */; };
		008D82AE1F0E22ED00052CFF /* NSString+HashCode.h in Headers */ = {isa = PBXBuildFile; fileRef = 008D82AC1F0E22ED00052CFF /* NSString+HashCode.h */; };
		008D82AF1F0E22ED00052CFF /* NSString+HashCode.m in Sources */ = {isa = PBXBuildFile; fileRef = 008D82AD1F0E22ED00052CFF /* NSString+HashCode.m */; };
		008D82B21F0E2EFA00052CFF /* NSString+HashCode.h in Sources */ = {isa = PBXBuildFile; fileRef = 008D82AC1F0E22ED00052CFF /* NSString+HashCode.h */; };
		008D82B31F0E2EFA00052CFF /* NSString+HashCode.m in Sources */ = {isa = PBXBuildFile; fileRef = 008D82AD1F0E22ED00052CFF /* NSString+HashCode.m */; };
		00D3B57D1EFB382A0086F1F8 /* UITabBar+AutoTrack.m in Sources */ = {isa = PBXBuildFile; fileRef = 00D3B57B1EFB382A0086F1F8 /* UITabBar+AutoTrack.m */; };
		00D3B57E1EFB382A0086F1F8 /* UITabBar+AutoTrack.h in Headers */ = {isa = PBXBuildFile; fileRef = 00D3B57C1EFB382A0086F1F8 /* UITabBar+AutoTrack.h */; };
		00D3B57F1EFB38360086F1F8 /* UITabBar+AutoTrack.m in Sources */ = {isa = PBXBuildFile; fileRef = 00D3B57B1EFB382A0086F1F8 /* UITabBar+AutoTrack.m */; };
		00D3B5801EFB38360086F1F8 /* UITabBar+AutoTrack.h in Sources */ = {isa = PBXBuildFile; fileRef = 00D3B57C1EFB382A0086F1F8 /* UITabBar+AutoTrack.h */; };
		00DC9CD71D7E9CFA00C7DF6C /* WebKit.framework in Frameworks */ = {isa = PBXBuildFile; fileRef = 00DC9CD61D7E9CFA00C7DF6C /* WebKit.framework */; };
		00DC9CDA1D7E9D9D00C7DF6C /* JSCallOCViewController.m in Sources */ = {isa = PBXBuildFile; fileRef = 00DC9CD91D7E9D9D00C7DF6C /* JSCallOCViewController.m */; };
		00DC9CDC1D7E9E3F00C7DF6C /* JSCallOC.html in Resources */ = {isa = PBXBuildFile; fileRef = 00DC9CDB1D7E9E3F00C7DF6C /* JSCallOC.html */; };
		00DC9CDF1D7E9EC900C7DF6C /* JSCallOCViewController2.m in Sources */ = {isa = PBXBuildFile; fileRef = 00DC9CDE1D7E9EC900C7DF6C /* JSCallOCViewController2.m */; };
		00EA97C21EEF7418005E524F /* UITableView+AutoTrack.m in Sources */ = {isa = PBXBuildFile; fileRef = 00EA97C01EEF7418005E524F /* UITableView+AutoTrack.m */; };
		00EA97C31EEF7418005E524F /* UITableView+AutoTrack.h in Headers */ = {isa = PBXBuildFile; fileRef = 00EA97C11EEF7418005E524F /* UITableView+AutoTrack.h */; };
		00EA97C81EEF7555005E524F /* UITableView+AutoTrack.m in Sources */ = {isa = PBXBuildFile; fileRef = 00EA97C01EEF7418005E524F /* UITableView+AutoTrack.m */; };
		00EA97C91EEF7555005E524F /* UITableView+AutoTrack.h in Sources */ = {isa = PBXBuildFile; fileRef = 00EA97C11EEF7418005E524F /* UITableView+AutoTrack.h */; };
		00EA990E1EEF9D1A005E524F /* UICollectionView+AutoTrack.m in Sources */ = {isa = PBXBuildFile; fileRef = 00EA990C1EEF9D1A005E524F /* UICollectionView+AutoTrack.m */; };
		00EA990F1EEF9D1A005E524F /* UICollectionView+AutoTrack.h in Headers */ = {isa = PBXBuildFile; fileRef = 00EA990D1EEF9D1A005E524F /* UICollectionView+AutoTrack.h */; };
		00EA997C1EEF9E0D005E524F /* UICollectionView+AutoTrack.m in Sources */ = {isa = PBXBuildFile; fileRef = 00EA990C1EEF9D1A005E524F /* UICollectionView+AutoTrack.m */; };
		00EA997D1EEF9E0D005E524F /* UICollectionView+AutoTrack.h in Sources */ = {isa = PBXBuildFile; fileRef = 00EA990D1EEF9D1A005E524F /* UICollectionView+AutoTrack.h */; };
		00EA99EC1EEFAEC6005E524F /* UIAlertView+AutoTrack.h in Headers */ = {isa = PBXBuildFile; fileRef = 00EA99EA1EEFAEC6005E524F /* UIAlertView+AutoTrack.h */; };
		00EA99ED1EEFAEC6005E524F /* UIAlertView+AutoTrack.m in Sources */ = {isa = PBXBuildFile; fileRef = 00EA99EB1EEFAEC6005E524F /* UIAlertView+AutoTrack.m */; };
		00EA99EE1EEFAF75005E524F /* UIAlertView+AutoTrack.h in Sources */ = {isa = PBXBuildFile; fileRef = 00EA99EA1EEFAEC6005E524F /* UIAlertView+AutoTrack.h */; };
		00EA99EF1EEFAF75005E524F /* UIAlertView+AutoTrack.m in Sources */ = {isa = PBXBuildFile; fileRef = 00EA99EB1EEFAEC6005E524F /* UIAlertView+AutoTrack.m */; };
		00EA99F21EEFB7DB005E524F /* UIActionSheet+AutoTrack.h in Headers */ = {isa = PBXBuildFile; fileRef = 00EA99F01EEFB7DB005E524F /* UIActionSheet+AutoTrack.h */; };
		00EA99F31EEFB7DB005E524F /* UIActionSheet+AutoTrack.m in Sources */ = {isa = PBXBuildFile; fileRef = 00EA99F11EEFB7DB005E524F /* UIActionSheet+AutoTrack.m */; };
		00EA99F61EEFBCEA005E524F /* UIActionSheet+AutoTrack.h in Sources */ = {isa = PBXBuildFile; fileRef = 00EA99F01EEFB7DB005E524F /* UIActionSheet+AutoTrack.h */; };
		00EA99F71EEFBCEA005E524F /* UIActionSheet+AutoTrack.m in Sources */ = {isa = PBXBuildFile; fileRef = 00EA99F11EEFB7DB005E524F /* UIActionSheet+AutoTrack.m */; };
		4D0EB7C31B47A88C0019FD21 /* main.m in Sources */ = {isa = PBXBuildFile; fileRef = 4D0EB7C21B47A88C0019FD21 /* main.m */; };
		4D0EB7C61B47A88C0019FD21 /* AppDelegate.m in Sources */ = {isa = PBXBuildFile; fileRef = 4D0EB7C51B47A88C0019FD21 /* AppDelegate.m */; };
		4D0EB7C91B47A88C0019FD21 /* ViewController.m in Sources */ = {isa = PBXBuildFile; fileRef = 4D0EB7C81B47A88C0019FD21 /* ViewController.m */; };
		4D0EB7CC1B47A88C0019FD21 /* Main.storyboard in Resources */ = {isa = PBXBuildFile; fileRef = 4D0EB7CA1B47A88C0019FD21 /* Main.storyboard */; };
		4D0EB7CE1B47A88C0019FD21 /* Images.xcassets in Resources */ = {isa = PBXBuildFile; fileRef = 4D0EB7CD1B47A88C0019FD21 /* Images.xcassets */; };
		4D0EB7D11B47A88C0019FD21 /* LaunchScreen.xib in Resources */ = {isa = PBXBuildFile; fileRef = 4D0EB7CF1B47A88C0019FD21 /* LaunchScreen.xib */; };
		4D14F16C1B47D4EB006AD786 /* SensorsAnalyticsSDK.h in Headers */ = {isa = PBXBuildFile; fileRef = 4D5CA77A1B43E92D00D7ACB7 /* SensorsAnalyticsSDK.h */; settings = {ATTRIBUTES = (Public, ); }; };
		4D14F16E1B47D5E2006AD786 /* SensorsAnalyticsSDK.m in Sources */ = {isa = PBXBuildFile; fileRef = 4D5CA77C1B43E92D00D7ACB7 /* SensorsAnalyticsSDK.m */; };
		4D14F1711B4A51B7006AD786 /* SAGzipUtility.h in Headers */ = {isa = PBXBuildFile; fileRef = 4D14F16F1B4A51B7006AD786 /* SAGzipUtility.h */; };
		4D14F1721B4A51B7006AD786 /* SAGzipUtility.m in Sources */ = {isa = PBXBuildFile; fileRef = 4D14F1701B4A51B7006AD786 /* SAGzipUtility.m */; };
		4D14F1741B4A5469006AD786 /* SAGzipUtility.m in Sources */ = {isa = PBXBuildFile; fileRef = 4D14F1701B4A51B7006AD786 /* SAGzipUtility.m */; };
		4D14F17E1B4A7A32006AD786 /* SALogger.h in Headers */ = {isa = PBXBuildFile; fileRef = 4D14F17C1B4A7A32006AD786 /* SALogger.h */; };
		4D1EFDD51B4BC6930008D3EA /* MessageQueueBySqlite.m in Sources */ = {isa = PBXBuildFile; fileRef = 4DBA6FA21B4B9B9C004F0ADB /* MessageQueueBySqlite.m */; };
		4D1EFDD61B4BC6930008D3EA /* JSONUtil.m in Sources */ = {isa = PBXBuildFile; fileRef = 4D2AF15B1B4BAE77007716F8 /* JSONUtil.m */; };
		4D2AF15C1B4BAE77007716F8 /* JSONUtil.h in Headers */ = {isa = PBXBuildFile; fileRef = 4D2AF15A1B4BAE77007716F8 /* JSONUtil.h */; };
		4D2AF15D1B4BAE77007716F8 /* JSONUtil.m in Sources */ = {isa = PBXBuildFile; fileRef = 4D2AF15B1B4BAE77007716F8 /* JSONUtil.m */; };
		4D5CA77B1B43E92D00D7ACB7 /* SensorsAnalyticsSDK.h in CopyFiles */ = {isa = PBXBuildFile; fileRef = 4D5CA77A1B43E92D00D7ACB7 /* SensorsAnalyticsSDK.h */; };
		4D5CA77D1B43E92D00D7ACB7 /* SensorsAnalyticsSDK.m in Sources */ = {isa = PBXBuildFile; fileRef = 4D5CA77C1B43E92D00D7ACB7 /* SensorsAnalyticsSDK.m */; };
		4DBA6FA01B4B8DC4004F0ADB /* NSData+SABase64.m in Sources */ = {isa = PBXBuildFile; fileRef = 4D14F1801B4A7B15006AD786 /* NSData+SABase64.m */; };
		4DBA6FA31B4B9B9C004F0ADB /* MessageQueueBySqlite.h in Headers */ = {isa = PBXBuildFile; fileRef = 4DBA6FA11B4B9B9C004F0ADB /* MessageQueueBySqlite.h */; };
		4DBA6FA41B4B9B9C004F0ADB /* MessageQueueBySqlite.m in Sources */ = {isa = PBXBuildFile; fileRef = 4DBA6FA21B4B9B9C004F0ADB /* MessageQueueBySqlite.m */; };
		52F29CA71FD1507200DE203E /* UIWindow+SASnapshotImage.m in Sources */ = {isa = PBXBuildFile; fileRef = 52F29CA51FD1507200DE203E /* UIWindow+SASnapshotImage.m */; };
		52F29CA81FD1507200DE203E /* UIWindow+SASnapshotImage.h in Headers */ = {isa = PBXBuildFile; fileRef = 52F29CA61FD1507200DE203E /* UIWindow+SASnapshotImage.h */; };
		A3333BD51C5A0EE80013353F /* SADesignerDisconnectMessage.m in Sources */ = {isa = PBXBuildFile; fileRef = A3333BD41C5A0EE80013353F /* SADesignerDisconnectMessage.m */; };
		A3333BD61C5A12300013353F /* SADesignerDisconnectMessage.m in Sources */ = {isa = PBXBuildFile; fileRef = A3333BD41C5A0EE80013353F /* SADesignerDisconnectMessage.m */; };
		A36649201CC784A1008D991E /* SafariServices.framework in Frameworks */ = {isa = PBXBuildFile; fileRef = A366491F1CC784A1008D991E /* SafariServices.framework */; };
		A3746D8F1C2FF34D008A50A3 /* libz.1.2.5.tbd in Frameworks */ = {isa = PBXBuildFile; fileRef = A3746D8E1C2FF34D008A50A3 /* libz.1.2.5.tbd */; };
		A3746D911C2FF355008A50A3 /* libsqlite3.tbd in Frameworks */ = {isa = PBXBuildFile; fileRef = A3746D901C2FF355008A50A3 /* libsqlite3.tbd */; };
		A3746E7E1C3115EB008A50A3 /* SAAbstractDesignerMessage.h in Headers */ = {isa = PBXBuildFile; fileRef = A3746E791C3115EB008A50A3 /* SAAbstractDesignerMessage.h */; };
		A3746E7F1C3115EB008A50A3 /* SAAbstractDesignerMessage.m in Sources */ = {isa = PBXBuildFile; fileRef = A3746E7A1C3115EB008A50A3 /* SAAbstractDesignerMessage.m */; };
		A3746E821C3115EB008A50A3 /* SADesignerMessage.h in Headers */ = {isa = PBXBuildFile; fileRef = A3746E7D1C3115EB008A50A3 /* SADesignerMessage.h */; };
		A3746E871C31196C008A50A3 /* SADesignerDeviceInfoMessage.h in Headers */ = {isa = PBXBuildFile; fileRef = A3746E831C31196C008A50A3 /* SADesignerDeviceInfoMessage.h */; };
		A3746E881C31196C008A50A3 /* SADesignerDeviceInfoMessage.m in Sources */ = {isa = PBXBuildFile; fileRef = A3746E841C31196C008A50A3 /* SADesignerDeviceInfoMessage.m */; };
		A3746E921C313A0D008A50A3 /* SADesignerSnapshotMessage.h in Headers */ = {isa = PBXBuildFile; fileRef = A3746E8E1C313A0D008A50A3 /* SADesignerSnapshotMessage.h */; };
		A3746E931C313A0D008A50A3 /* SADesignerSnapshotMessage.m in Sources */ = {isa = PBXBuildFile; fileRef = A3746E8F1C313A0D008A50A3 /* SADesignerSnapshotMessage.m */; };
		A3746E981C313C86008A50A3 /* SAObjectIdentityProvider.h in Headers */ = {isa = PBXBuildFile; fileRef = A3746E961C313C86008A50A3 /* SAObjectIdentityProvider.h */; };
		A3746E991C313C86008A50A3 /* SAObjectIdentityProvider.m in Sources */ = {isa = PBXBuildFile; fileRef = A3746E971C313C86008A50A3 /* SAObjectIdentityProvider.m */; };
		A3746E9C1C313E15008A50A3 /* SAApplicationStateSerializer.h in Headers */ = {isa = PBXBuildFile; fileRef = A3746E9A1C313E15008A50A3 /* SAApplicationStateSerializer.h */; };
		A3746E9D1C313E15008A50A3 /* SAApplicationStateSerializer.m in Sources */ = {isa = PBXBuildFile; fileRef = A3746E9B1C313E15008A50A3 /* SAApplicationStateSerializer.m */; };
		A3746EA81C318B54008A50A3 /* SAObjectSerializer.h in Headers */ = {isa = PBXBuildFile; fileRef = A3746EA61C318B54008A50A3 /* SAObjectSerializer.h */; };
		A3746EA91C318B54008A50A3 /* SAObjectSerializer.m in Sources */ = {isa = PBXBuildFile; fileRef = A3746EA71C318B54008A50A3 /* SAObjectSerializer.m */; };
		A3746EAE1C318B65008A50A3 /* SAObjectSerializerConfig.h in Headers */ = {isa = PBXBuildFile; fileRef = A3746EAA1C318B65008A50A3 /* SAObjectSerializerConfig.h */; };
		A3746EAF1C318B65008A50A3 /* SAObjectSerializerConfig.m in Sources */ = {isa = PBXBuildFile; fileRef = A3746EAB1C318B65008A50A3 /* SAObjectSerializerConfig.m */; };
		A3746EB01C318B65008A50A3 /* SAObjectSerializerContext.h in Headers */ = {isa = PBXBuildFile; fileRef = A3746EAC1C318B65008A50A3 /* SAObjectSerializerContext.h */; };
		A3746EB11C318B65008A50A3 /* SAObjectSerializerContext.m in Sources */ = {isa = PBXBuildFile; fileRef = A3746EAD1C318B65008A50A3 /* SAObjectSerializerContext.m */; };
		A3746EBC1C3190E7008A50A3 /* SAClassDescription.h in Headers */ = {isa = PBXBuildFile; fileRef = A3746EB21C3190E7008A50A3 /* SAClassDescription.h */; };
		A3746EBD1C3190E7008A50A3 /* SAClassDescription.m in Sources */ = {isa = PBXBuildFile; fileRef = A3746EB31C3190E7008A50A3 /* SAClassDescription.m */; };